
Microsoft Visual Studio Solution File, Format Version 12.00
# Visual Studio Version 16
VisualStudioVersion = 16.0.30717.126
MinimumVisualStudioVersion = 10.0.40219.1
Project("{FAE04EC0-301F-11D3-BF4B-00C04F79EFBC}") = "SLE", "SLE\SLE.csproj", "{43E519A5-5824-4FC4-B982-10CB9B3AD651}"
EndProject
Global
	GlobalSection(SolutionConfigurationPlatforms) = preSolution
		Debug|Any CPU = Debug|Any CPU
		Release|Any CPU = Release|Any CPU
	EndGlobalSection
	GlobalSection(ProjectConfigurationPlatforms) = postSolution
		{43E519A5-5824-4FC4-B982-10CB9B3AD651}.Debug|Any CPU.ActiveCfg = Debug|Any CPU
		{43E519A5-5824-4FC4-B982-10CB9B3AD651}.Debug|Any CPU.Build.0 = Debug|Any CPU
		{43E519A5-5824-4FC4-B982-10CB9B3AD651}.Release|Any CPU.ActiveCfg = Release|Any CPU
		{43E519A5-5824-4FC4-B982-10CB9B3AD651}.Release|Any CPU.Build.0 = Release|Any CPU
	EndGlobalSection
	GlobalSection(SolutionProperties) = preSolution
		HideSolutionNode = FALSE
	EndGlobalSection
	GlobalSection(ExtensibilityGlobals) = postSolution
		SolutionGuid = {C9E79073-0631-43AA-B900-EFCFB9FD96B7}
	EndGlobalSection
EndGlobal
